PODS:
  - Flutter (1.0.0)
  - flutter_picker (0.0.1):
    - Flutter

DEPENDENCIES:
  - Flutter (from `.symlinks/flutter/ios`)
  - flutter_picker (from `.symlinks/plugins/flutter_picker/ios`)

EXTERNAL SOURCES:
  Flutter:
    :path: ".symlinks/flutter/ios"
  flutter_picker:
    :path: ".symlinks/plugins/flutter_picker/ios"

SPEC CHECKSUMS:
  Flutter: 9d0fac939486c9aba2809b7982dfdbb47a7b0296
  flutter_picker: 8cd16302a9806a9789ba6e3ce85558c70c43b7f4

PODFILE CHECKSUM: aff02bfeed411c636180d6812254b2daeea14d09

COCOAPODS: 1.5.3
